
Microsoft Visual Studio Solution File, Format Version 12.00
# Visual Studio Version 17
VisualStudioVersion = 17.0.32014.148
MinimumVisualStudioVersion = 10.0.40219.1
Project("{8BC9CEB8-8B4A-11D0-8D11-00A0C91BC942}") = "HopeThreadPool", "HopeThreadPool\HopeThreadPool.vcxproj", "{D0F94893-55BD-44BE-B73F-33349808C93E}"
EndProject
Project("{8BC9CEB8-8B4A-11D0-8D11-00A0C91BC942}") = "HopeThreadPoolTest", "HopeThreadPoolTest\HopeThreadPoolTest.vcxproj", "{79DB5B20-7C89-427F-9783-2BD954497BEE}"
	ProjectSection(ProjectDependencies) = postProject
		{D0F94893-55BD-44BE-B73F-33349808C93E} = {D0F94893-55BD-44BE-B73F-33349808C93E}
	EndProjectSection
EndProject
Global
	GlobalSection(SolutionConfigurationPlatforms) = preSolution
		Debug|x64 = Debug|x64
		Debug|x86 = Debug|x86
		Release|x64 = Release|x64
		Release|x86 = Release|x86
	EndGlobalSection
	GlobalSection(ProjectConfigurationPlatforms) = postSolution
		{D0F94893-55BD-44BE-B73F-33349808C93E}.Debug|x64.ActiveCfg = Debug|x64
		{D0F94893-55BD-44BE-B73F-33349808C93E}.Debug|x64.Build.0 = Debug|x64
		{D0F94893-55BD-44BE-B73F-33349808C93E}.Debug|x86.ActiveCfg = Debug|Win32
		{D0F94893-55BD-44BE-B73F-33349808C93E}.Debug|x86.Build.0 = Debug|Win32
		{D0F94893-55BD-44BE-B73F-33349808C93E}.Release|x64.ActiveCfg = Release|x64
		{D0F94893-55BD-44BE-B73F-33349808C93E}.Release|x64.Build.0 = Release|x64
		{D0F94893-55BD-44BE-B73F-33349808C93E}.Release|x86.ActiveCfg = Release|Win32
		{D0F94893-55BD-44BE-B73F-33349808C93E}.Release|x86.Build.0 = Release|Win32
		{79DB5B20-7C89-427F-9783-2BD954497BEE}.Debug|x64.ActiveCfg = Debug|x64
		{79DB5B20-7C89-427F-9783-2BD954497BEE}.Debug|x64.Build.0 = Debug|x64
		{79DB5B20-7C89-427F-9783-2BD954497BEE}.Debug|x86.ActiveCfg = Debug|Win32
		{79DB5B20-7C89-427F-9783-2BD954497BEE}.Debug|x86.Build.0 = Debug|Win32
		{79DB5B20-7C89-427F-9783-2BD954497BEE}.Release|x64.ActiveCfg = Release|x64
		{79DB5B20-7C89-427F-9783-2BD954497BEE}.Release|x64.Build.0 = Release|x64
		{79DB5B20-7C89-427F-9783-2BD954497BEE}.Release|x86.ActiveCfg = Release|Win32
		{79DB5B20-7C89-427F-9783-2BD954497BEE}.Release|x86.Build.0 = Release|Win32
	EndGlobalSection
	GlobalSection(SolutionProperties) = preSolution
		HideSolutionNode = FALSE
	EndGlobalSection
	GlobalSection(ExtensibilityGlobals) = postSolution
		SolutionGuid = {6C1132EB-CE4F-4CA5-84C1-562E45D6CAEB}
	EndGlobalSection
EndGlobal
